
Microsoft Visual Studio Solution File, Format Version 12.00
# Visual Studio Version 16
VisualStudioVersion = 16.0.31702.278
MinimumVisualStudioVersion = 10.0.40219.1
Project("{FAE04EC0-301F-11D3-BF4B-00C04F79EFBC}") = "MIR4-MULTICLIENT", "MIR4-MULTICLIENT\MIR4-MULTICLIENT.csproj", "{F77F1E35-FABC-4EFB-AEF4-AB0527E98A5F}"
EndProject
Global
	GlobalSection(SolutionConfigurationPlatforms) = preSolution
		Debug|Any CPU = Debug|Any CPU
		Release|Any CPU = Release|Any CPU
	EndGlobalSection
	GlobalSection(ProjectConfigurationPlatforms) = postSolution
		{F77F1E35-FABC-4EFB-AEF4-AB0527E98A5F}.Debug|Any CPU.ActiveCfg = Debug|Any CPU
		{F77F1E35-FABC-4EFB-AEF4-AB0527E98A5F}.Debug|Any CPU.Build.0 = Debug|Any CPU
		{F77F1E35-FABC-4EFB-AEF4-AB0527E98A5F}.Release|Any CPU.ActiveCfg = Release|Any CPU
		{F77F1E35-FABC-4EFB-AEF4-AB0527E98A5F}.Release|Any CPU.Build.0 = Release|Any CPU
	EndGlobalSection
	GlobalSection(SolutionProperties) = preSolution
		HideSolutionNode = FALSE
	EndGlobalSection
	GlobalSection(ExtensibilityGlobals) = postSolution
		SolutionGuid = {C71645C4-9A5E-484C-B0D6-C38956A58075}
	EndGlobalSection
EndGlobal
